<?xml version="1.0" encoding="utf-8"?>
<Project ToolsVersion="4.0" xmlns="http://schemas.microsoft.com/developer/msbuild/2003">
  <ItemGroup>
    <Filter Include="源文件">
      <UniqueIdentifier>{4FC737F1-C7A5-4376-A066-2A32D752A2FF}</UniqueIdentifier>
      <Extensions>cpp;c;cc;cxx;def;odl;idl;hpj;bat;asm;asmx</Extensions>
    </Filter>
    <Filter Include="头文件">
      <UniqueIdentifier>{93995380-89BD-4b04-88EB-625FBE52EBFB}</UniqueIdentifier>
      <Extensions>h;hpp;hxx;hm;inl;inc;xsd</Extensions>
    </Filter>
    <Filter Include="资源文件">
      <UniqueIdentifier>{67DA6AB6-F800-4c08-8B7A-83BB121AAD01}</UniqueIdentifier>
      <Extensions>rc;ico;cur;bmp;dlg;rc2;rct;bin;rgs;gif;jpg;jpeg;jpe;resx;tiff;tif;png;wav</Extensions>
    </Filter>
    <Filter Include="SerLib">
      <UniqueIdentifier>{f6435ee2-8a04-4aa4-9fd6-aea2b6886db2}</UniqueIdentifier>
    </Filter>
    <Filter Include="XmlObject">
      <UniqueIdentifier>{e5d61948-3b29-429f-9e45-d71fe53fcbf3}</UniqueIdentifier>
    </Filter>
  </ItemGroup>
  <ItemGroup>
    <ClCompile Include="stdafx.cpp">
      <Filter>源文件</Filter>
    </ClCompile>
    <ClCompile Include="XMLObjectTest.cpp">
      <Filter>源文件</Filter>
    </ClCompile>
    <ClCompile Include="ObjectSerDef\_tagTestObject_StructInfo.cpp">
      <Filter>XmlObject</Filter>
    </ClCompile>
    <ClCompile Include="ObjectSerDef\_tagTestSubObject_StructInfo.cpp">
      <Filter>XmlObject</Filter>
    </ClCompile>
    <ClCompile Include="..\..\..\other\Base64.cpp">
      <Filter>SerLib</Filter>
    </ClCompile>
    <ClCompile Include="..\..\..\other\BaseFunctionTool.cpp">
      <Filter>SerLib</Filter>
    </ClCompile>
    <ClCompile Include="..\..\..\other\XmlRender.cpp">
      <Filter>SerLib</Filter>
    </ClCompile>
    <ClCompile Include="..\..\..\other\HeapAnslyze.cpp">
      <Filter>源文件</Filter>
    </ClCompile>
  </ItemGroup>
  <ItemGroup>
    <ClInclude Include="stdafx.h">
      <Filter>头文件</Filter>
    </ClInclude>
    <ClInclude Include="targetver.h">
      <Filter>头文件</Filter>
    </ClInclude>
    <ClInclude Include="TestObject.h">
      <Filter>头文件</Filter>
    </ClInclude>
    <ClInclude Include="ObjectSerDef\_tagTestObject_StructInfo.h">
      <Filter>XmlObject</Filter>
    </ClInclude>
    <ClInclude Include="ObjectSerDef\_tagTestSubObject_StructInfo.h">
      <Filter>XmlObject</Filter>
    </ClInclude>
    <ClInclude Include="..\..\..\other\Base64.h">
      <Filter>SerLib</Filter>
    </ClInclude>
    <ClInclude Include="..\..\..\other\BaseFunctionTool.h">
      <Filter>SerLib</Filter>
    </ClInclude>
    <ClInclude Include="..\..\..\other\Serialize.h">
      <Filter>SerLib</Filter>
    </ClInclude>
    <ClInclude Include="..\..\..\other\XmlRender.h">
      <Filter>SerLib</Filter>
    </ClInclude>
    <ClInclude Include="..\..\..\other\InterlayerContainer.h">
      <Filter>SerLib</Filter>
    </ClInclude>
    <ClInclude Include="..\..\..\other\SerializeInterface.h">
      <Filter>SerLib</Filter>
    </ClInclude>
    <ClInclude Include="..\..\..\other\SerIni.h">
      <Filter>SerLib</Filter>
    </ClInclude>
    <ClInclude Include="..\..\..\other\StorageObject.h">
      <Filter>SerLib</Filter>
    </ClInclude>
    <ClInclude Include="..\..\..\other\BaseObjectSerialize.h">
      <Filter>SerLib</Filter>
    </ClInclude>
    <ClInclude Include="..\..\..\other\HeapAnslyze.h">
      <Filter>头文件</Filter>
    </ClInclude>
    <ClInclude Include="..\..\..\other\RegTool.h">
      <Filter>头文件</Filter>
    </ClInclude>
  </ItemGroup>
  <ItemGroup>
    <Text Include="ReadMe.txt" />
  </ItemGroup>
</Project>