<?xml version="1.0" encoding="utf-8"?>
<Project ToolsVersion="4.0" xmlns="http://schemas.microsoft.com/developer/msbuild/2003">
  <ItemGroup>
    <Filter Include="源文件">
      <UniqueIdentifier>{adcb890f-8e6f-4a13-80c1-450905ca1d7f}</UniqueIdentifier>
    </Filter>
    <Filter Include="生成的文件">
      <UniqueIdentifier>{c93639b0-f96d-4e3f-8390-1227d25c0913}</UniqueIdentifier>
      <SourceControlFiles>False</SourceControlFiles>
    </Filter>
  </ItemGroup>
  <ItemGroup>
    <ClCompile Include="dlldata.c">
      <Filter>生成的文件</Filter>
    </ClCompile>
    <ClCompile Include="ObjectSystemComServer_i.c">
      <Filter>生成的文件</Filter>
    </ClCompile>
    <ClCompile Include="ObjectSystemComServer_p.c">
      <Filter>生成的文件</Filter>
    </ClCompile>
  </ItemGroup>
  <ItemGroup>
    <None Include="ObjectSystemComServerps.def" />
  </ItemGroup>
</Project>